
Microsoft Visual Studio Solution File, Format Version 12.00
# Visual Studio Version 16
VisualStudioVersion = 16.0.29001.49
MinimumVisualStudioVersion = 10.0.40219.1
Project("{FAE04EC0-301F-11D3-BF4B-00C04F79EFBC}") = "Constructores", "Constructores\Constructores.csproj", "{579C2A73-BC10-40BB-821B-7147EF7A7EF4}"
EndProject
Global
	GlobalSection(SolutionConfigurationPlatforms) = preSolution
		Debug|Any CPU = Debug|Any CPU
		Release|Any CPU = Release|Any CPU
	EndGlobalSection
	GlobalSection(ProjectConfigurationPlatforms) = postSolution
		{579C2A73-BC10-40BB-821B-7147EF7A7EF4}.Debug|Any CPU.ActiveCfg = Debug|Any CPU
		{579C2A73-BC10-40BB-821B-7147EF7A7EF4}.Debug|Any CPU.Build.0 = Debug|Any CPU
		{579C2A73-BC10-40BB-821B-7147EF7A7EF4}.Release|Any CPU.ActiveCfg = Release|Any CPU
		{579C2A73-BC10-40BB-821B-7147EF7A7EF4}.Release|Any CPU.Build.0 = Release|Any CPU
	EndGlobalSection
	GlobalSection(SolutionProperties) = preSolution
		HideSolutionNode = FALSE
	EndGlobalSection
	GlobalSection(ExtensibilityGlobals) = postSolution
		SolutionGuid = {41A3A430-6771-4118-87A2-E4E6398FF776}
	EndGlobalSection
EndGlobal
